
Microsoft Visual Studio Solution File, Format Version 12.00
# Visual Studio Version 17
VisualStudioVersion = 17.9.34728.123
MinimumVisualStudioVersion = 10.0.40219.1
Project("{2150E333-8FDC-42A3-9474-1A3956D46DE8}") = "Services", "Services", "{A387BBB6-6620-4771-92C9-BD3B1400C729}"
EndProject
Project("{2150E333-8FDC-42A3-9474-1A3956D46DE8}") = "Catalog", "Catalog", "{386E873C-A7A6-4FD9-85F2-DC7D35B02AFC}"
EndProject
Project("{9A19103F-16F7-4668-BE54-9A1E7A4F7556}") = "Catalog.API", "Services\Catalog\Catalog.API\Catalog.API.csproj", "{0A7876E0-A8DF-4461-8393-27C01784FAE4}"
EndProject
Project("{2150E333-8FDC-42A3-9474-1A3956D46DE8}") = "BuildingBlocks", "BuildingBlocks", "{8089585D-2197-4B3B-97EB-5B3B1289248E}"
EndProject
Project("{FAE04EC0-301F-11D3-BF4B-00C04F79EFBC}") = "BuildingBlocks", "BuildingBlocks\BuildingBlocks\BuildingBlocks.csproj", "{74239482-9DBC-45C6-B20D-115EBDB1B2C0}"
EndProject
Global
	GlobalSection(SolutionConfigurationPlatforms) = preSolution
		Debug|Any CPU = Debug|Any CPU
		Release|Any CPU = Release|Any CPU
	EndGlobalSection
	GlobalSection(ProjectConfigurationPlatforms) = postSolution
		{0A7876E0-A8DF-4461-8393-27C01784FAE4}.Debug|Any CPU.ActiveCfg = Debug|Any CPU
		{0A7876E0-A8DF-4461-8393-27C01784FAE4}.Debug|Any CPU.Build.0 = Debug|Any CPU
		{0A7876E0-A8DF-4461-8393-27C01784FAE4}.Release|Any CPU.ActiveCfg = Release|Any CPU
		{0A7876E0-A8DF-4461-8393-27C01784FAE4}.Release|Any CPU.Build.0 = Release|Any CPU
		{74239482-9DBC-45C6-B20D-115EBDB1B2C0}.Debug|Any CPU.ActiveCfg = Debug|Any CPU
		{74239482-9DBC-45C6-B20D-115EBDB1B2C0}.Debug|Any CPU.Build.0 = Debug|Any CPU
		{74239482-9DBC-45C6-B20D-115EBDB1B2C0}.Release|Any CPU.ActiveCfg = Release|Any CPU
		{74239482-9DBC-45C6-B20D-115EBDB1B2C0}.Release|Any CPU.Build.0 = Release|Any CPU
	EndGlobalSection
	GlobalSection(SolutionProperties) = preSolution
		HideSolutionNode = FALSE
	EndGlobalSection
	GlobalSection(NestedProjects) = preSolution
		{386E873C-A7A6-4FD9-85F2-DC7D35B02AFC} = {A387BBB6-6620-4771-92C9-BD3B1400C729}
		{0A7876E0-A8DF-4461-8393-27C01784FAE4} = {386E873C-A7A6-4FD9-85F2-DC7D35B02AFC}
		{74239482-9DBC-45C6-B20D-115EBDB1B2C0} = {8089585D-2197-4B3B-97EB-5B3B1289248E}
	EndGlobalSection
	GlobalSection(ExtensibilityGlobals) = postSolution
		SolutionGuid = {95D02259-A354-474D-AD37-DB631EA54BA3}
	EndGlobalSection
EndGlobal
